
Microsoft Visual Studio Solution File, Format Version 12.00
Project("{FAE04EC0-301F-11D3-BF4B-00C04F79EFBC}") = "QuizAPI", "QuizAPI\QuizAPI.csproj", "{3CC3A43D-A74E-41CC-9797-8FA7637DB62E}"
EndProject
Global
	GlobalSection(SolutionConfigurationPlatforms) = preSolution
		Debug|Any CPU = Debug|Any CPU
		Release|Any CPU = Release|Any CPU
	EndGlobalSection
	GlobalSection(ProjectConfigurationPlatforms) = postSolution
		{3CC3A43D-A74E-41CC-9797-8FA7637DB62E}.Debug|Any CPU.ActiveCfg = Debug|Any CPU
		{3CC3A43D-A74E-41CC-9797-8FA7637DB62E}.Debug|Any CPU.Build.0 = Debug|Any CPU
		{3CC3A43D-A74E-41CC-9797-8FA7637DB62E}.Release|Any CPU.ActiveCfg = Release|Any CPU
		{3CC3A43D-A74E-41CC-9797-8FA7637DB62E}.Release|Any CPU.Build.0 = Release|Any CPU
	EndGlobalSection
EndGlobal
